// !$*UTF8*$!
{
	archiveVersion = 1;
	classes = {
	};
	objectVersion = 56;
	objects = {

/* Begin PBXBuildFile section */
		C93F5F5629137B0500B74065 /* AppDelegate.swift in Sources */ = {isa = PBXBuildFile; fileRef = C93F5F5529137B0500B74065 /* AppDelegate.swift */; };
		C93F5F5829137B0500B74065 /* SceneDelegate.swift in Sources */ = {isa = PBXBuildFile; fileRef = C93F5F5729137B0500B74065 /* SceneDelegate.swift */; };
		C93F5F5A29137B0500B74065 /* ViewController.swift in Sources */ = {isa = PBXBuildFile; fileRef = C93F5F5929137B0500B74065 /* ViewController.swift */; };
		C93F5F5D29137B0500B74065 /* Main.storyboard in Resources */ = {isa = PBXBuildFile; fileRef = C93F5F5B29137B0500B74065 /* Main.storyboard */; };
		C93F5F5F29137B0800B74065 /* Assets.xcassets in Resources */ = {isa = PBXBuildFile; fileRef = C93F5F5E29137B0800B74065 /* Assets.xcassets */; };
		C93F5F6229137B0800B74065 /* LaunchScreen.storyboard in Resources */ = {isa = PBXBuildFile; fileRef = C93F5F6029137B0800B74065 /* LaunchScreen.storyboard */; };
		C93F5F6D29137B0800B74065 /* BVCAutoserviceTests.swift in Sources */ = {isa = PBXBuildFile; fileRef = C93F5F6C29137B0800B74065 /* BVCAutoserviceTests.swift */; };
		C93F5F7729137B0800B74065 /* BVCAutoserviceUITests.swift in Sources */ = {isa = PBXBuildFile; fileRef = C93F5F7629137B0800B74065 /* BVCAutoserviceUITests.swift */; };
		C93F5F7929137B0800B74065 /* BVCAutoserviceUITestsLaunchTests.swift in Sources */ = {isa = PBXBuildFile; fileRef = C93F5F7829137B0800B74065 /* BVCAutoserviceUITestsLaunchTests.swift */; };
/* End PBXBuildFile section */

/* Begin PBXContainerItemProxy section */
		C93F5F6929137B0800B74065 /* PBXContainerItemProxy */ = {
			isa = PBXContainerItemProxy;
			containerPortal = C93F5F4A29137B0500B74065 /* Project object */;
			proxyType = 1;
			remoteGlobalIDString = C93F5F5129137B0500B74065;
			remoteInfo = BVCAutoservice;
		};
		C93F5F7329137B0800B74065 /* PBXContainerItemProxy */ = {
			isa = PBXContainerItemProxy;
			containerPortal = C93F5F4A29137B0500B74065 /* Project object */;
			proxyType = 1;
			remoteGlobalIDString = C93F5F5129137B0500B74065;
			remoteInfo = BVCAutoservice;
		};
/* End PBXContainerItemProxy section */

/* Begin PBXFileReference section */
		C93F5F5229137B0500B74065 /* BVCAutoservice.app */ = {isa = PBXFileReference; explicitFileType = wrapper.application; includeInIndex = 0; path = BVCAutoservice.app; sourceTree = BUILT_PRODUCTS_DIR; };
		C93F5F5529137B0500B74065 /* AppDelegate.swift */ = {isa = PBXFileReference; lastKnownFileType = sourcecode.swift; path = AppDelegate.swift; sourceTree = "<group>"; };
		C93F5F5729137B0500B74065 /* SceneDelegate.swift */ = {isa = PBXFileReference; lastKnownFileType = sourcecode.swift; path = SceneDelegate.swift; sourceTree = "<group>"; };
		C93F5F5929137B0500B74065 /* ViewController.swift */ = {isa = PBXFileReference; lastKnownFileType = sourcecode.swift; path = ViewController.swift; sourceTree = "<group>"; };
		C93F5F5C29137B0500B74065 /* Base */ = {isa = PBXFileReference; lastKnownFileType = file.storyboard; name = Base; path = Base.lproj/Main.storyboard; sourceTree = "<group>"; };
		C93F5F5E29137B0800B74065 /* Assets.xcassets */ = {isa = PBXFileReference; lastKnownFileType = folder.assetcatalog; path = Assets.xcassets; sourceTree = "<group>"; };
		C93F5F6129137B0800B74065 /* Base */ = {isa = PBXFileReference; lastKnownFileType = file.storyboard; name = Base; path = Base.lproj/LaunchScreen.storyboard; sourceTree = "<group>"; };
		C93F5F6329137B0800B74065 /* Info.plist */ = {isa = PBXFileReference; lastKnownFileType = text.plist.xml; path = Info.plist; sourceTree = "<group>"; };
		C93F5F6829137B0800B74065 /* BVCAutoserviceTests.xctest */ = {isa = PBXFileReference; explicitFileType = wrapper.cfbundle; includeInIndex = 0; path = BVCAutoserviceTests.xctest; sourceTree = BUILT_PRODUCTS_DIR; };
		C93F5F6C29137B0800B74065 /* BVCAutoserviceTests.swift */ = {isa = PBXFileReference; lastKnownFileType = sourcecode.swift; path = BVCAutoserviceTests.swift; sourceTree = "<group>"; };
		C93F5F7229137B0800B74065 /* BVCAutoserviceUITests.xctest */ = {isa = PBXFileReference; explicitFileType = wrapper.cfbundle; includeInIndex = 0; path = BVCAutoserviceUITests.xctest; sourceTree = BUILT_PRODUCTS_DIR; };
		C93F5F7629137B0800B74065 /* BVCAutoserviceUITests.swift */ = {isa = PBXFileReference; lastKnownFileType = sourcecode.swift; path = BVCAutoserviceUITests.swift; sourceTree = "<group>"; };
		C93F5F7829137B0800B74065 /* BVCAutoserviceUITestsLaunchTests.swift */ = {isa = PBXFileReference; lastKnownFileType = sourcecode.swift; path = BVCAutoserviceUITestsLaunchTests.swift; sourceTree = "<group>"; };
/* End PBXFileReference section */

/* Begin PBXFrameworksBuildPhase section */
		C93F5F4F29137B0500B74065 /* Frameworks */ = {
			isa = PBXFrameworksBuildPhase;
			buildActionMask = 2147483647;
			files = (
			);
			runOnlyForDeploymentPostprocessing = 0;
		};
		C93F5F6529137B0800B74065 /* Frameworks */ = {
			isa = PBXFrameworksBuildPhase;
			buildActionMask = 2147483647;
			files = (
			);
			runOnlyForDeploymentPostprocessing = 0;
		};
		C93F5F6F29137B0800B74065 /* Frameworks */ = {
			isa = PBXFrameworksBuildPhase;
			buildActionMask = 2147483647;
			files = (
			);
			runOnlyForDeploymentPostprocessing = 0;
		};
/* End PBXFrameworksBuildPhase section */

/* Begin PBXGroup section */
		C93F5F4929137B0500B74065 = {
			isa = PBXGroup;
			children = (
				C93F5F5429137B0500B74065 /* BVCAutoservice */,
				C93F5F6B29137B0800B74065 /* BVCAutoserviceTests */,
				C93F5F7529137B0800B74065 /* BVCAutoserviceUITests */,
				C93F5F5329137B0500B74065 /* Products */,
			);
			sourceTree = "<group>";
		};
		C93F5F5329137B0500B74065 /* Products */ = {
			isa = PBXGroup;
			children = (
				C93F5F5229137B0500B74065 /* BVCAutoservice.app */,
				C93F5F6829137B0800B74065 /* BVCAutoserviceTests.xctest */,
				C93F5F7229137B0800B74065 /* BVCAutoserviceUITests.xctest */,
			);
			name = Products;
			sourceTree = "<group>";
		};
		C93F5F5429137B0500B74065 /* BVCAutoservice */ = {
			isa = PBXGroup;
			children = (
				C93F5F5529137B0500B74065 /* AppDelegate.swift */,
				C93F5F5729137B0500B74065 /* SceneDelegate.swift */,
				C93F5F5929137B0500B74065 /* ViewController.swift */,
				C93F5F5B29137B0500B74065 /* Main.storyboard */,
				C93F5F5E29137B0800B74065 /* Assets.xcassets */,
				C93F5F6029137B0800B74065 /* LaunchScreen.storyboard */,
				C93F5F6329137B0800B74065 /* Info.plist */,
			);
			path = BVCAutoservice;
			sourceTree = "<group>";
		};
		C93F5F6B29137B0800B74065 /* BVCAutoserviceTests */ = {
			isa = PBXGroup;
			children = (
				C93F5F6C29137B0800B74065 /* BVCAutoserviceTests.swift */,
			);
			path = BVCAutoserviceTests;
			sourceTree = "<group>";
		};
		C93F5F7529137B0800B74065 /* BVCAutoserviceUITests */ = {
			isa = PBXGroup;
			children = (
				C93F5F7629137B0800B74065 /* BVCAutoserviceUITests.swift */,
				C93F5F7829137B0800B74065 /* BVCAutoserviceUITestsLaunchTests.swift */,
			);
			path = BVCAutoserviceUITests;
			sourceTree = "<group>";
		};
/* End PBXGroup section */

/* Begin PBXNativeTarget section */
		C93F5F5129137B0500B74065 /* BVCAutoservice */ = {
			isa = PBXNativeTarget;
			buildConfigurationList = C93F5F7C29137B0800B74065 /* Build configuration list for PBXNativeTarget "BVCAutoservice" */;
			buildPhases = (
				C93F5F4E29137B0500B74065 /* Sources */,
				C93F5F4F29137B0500B74065 /* Frameworks */,
				C93F5F5029137B0500B74065 /* Resources */,
			);
			buildRules = (
			);
			dependencies = (
			);
			name = BVCAutoservice;
			productName = BVCAutoservice;
			productReference = C93F5F5229137B0500B74065 /* BVCAutoservice.app */;
			productType = "com.apple.product-type.application";
		};
		C93F5F6729137B0800B74065 /* BVCAutoserviceTests */ = {
			isa = PBXNativeTarget;
			buildConfigurationList = C93F5F7F29137B0800B74065 /* Build configuration list for PBXNativeTarget "BVCAutoserviceTests" */;
			buildPhases = (
				C93F5F6429137B0800B74065 /* Sources */,
				C93F5F6529137B0800B74065 /* Frameworks */,
				C93F5F6629137B0800B74065 /* Resources */,
			);
			buildRules = (
			);
			dependencies = (
				C93F5F6A29137B0800B74065 /* PBXTargetDependency */,
			);
			name = BVCAutoserviceTests;
			productName = BVCAutoserviceTests;
			productReference = C93F5F6829137B0800B74065 /* BVCAutoserviceTests.xctest */;
			productType = "com.apple.product-type.bundle.unit-test";
		};
		C93F5F7129137B0800B74065 /* BVCAutoserviceUITests */ = {
			isa = PBXNativeTarget;
			buildConfigurationList = C93F5F8229137B0800B74065 /* Build configuration list for PBXNativeTarget "BVCAutoserviceUITests" */;
			buildPhases = (
				C93F5F6E29137B0800B74065 /* Sources */,
				C93F5F6F29137B0800B74065 /* Frameworks */,
				C93F5F7029137B0800B74065 /* Resources */,
			);
			buildRules = (
			);
			dependencies = (
				C93F5F7429137B0800B74065 /* PBXTargetDependency */,
			);
			name = BVCAutoserviceUITests;
			productName = BVCAutoserviceUITests;
			productReference = C93F5F7229137B0800B74065 /* BVCAutoserviceUITests.xctest */;
			productType = "com.apple.product-type.bundle.ui-testing";
		};
/* End PBXNativeTarget section */

/* Begin PBXProject section */
		C93F5F4A29137B0500B74065 /* Project object */ = {
			isa = PBXProject;
			attributes = {
				BuildIndependentTargetsInParallel = 1;
				LastSwiftUpdateCheck = 1400;
				LastUpgradeCheck = 1400;
				TargetAttributes = {
					C93F5F5129137B0500B74065 = {
						CreatedOnToolsVersion = 14.0.1;
					};
					C93F5F6729137B0800B74065 = {
						CreatedOnToolsVersion = 14.0.1;
						TestTargetID = C93F5F5129137B0500B74065;
					};
					C93F5F7129137B0800B74065 = {
						CreatedOnToolsVersion = 14.0.1;
						TestTargetID = C93F5F5129137B0500B74065;
					};
				};
			};
			buildConfigurationList = C93F5F4D29137B0500B74065 /* Build configuration list for PBXProject "BVCAutoservice" */;
			compatibilityVersion = "Xcode 14.0";
			developmentRegion = en;
			hasScannedForEncodings = 0;
			knownRegions = (
				en,
				Base,
			);
			mainGroup = C93F5F4929137B0500B74065;
			productRefGroup = C93F5F5329137B0500B74065 /* Products */;
			projectDirPath = "";
			projectRoot = "";
			targets = (
				C93F5F5129137B0500B74065 /* BVCAutoservice */,
				C93F5F6729137B0800B74065 /* BVCAutoserviceTests */,
				C93F5F7129137B0800B74065 /* BVCAutoserviceUITests */,
			);
		};
/* End PBXProject section */

/* Begin PBXResourcesBuildPhase section */
		C93F5F5029137B0500B74065 /* Resources */ = {
			isa = PBXResourcesBuildPhase;
			buildActionMask = 2147483647;
			files = (
				C93F5F6229137B0800B74065 /* LaunchScreen.storyboard in Resources */,
				C93F5F5F29137B0800B74065 /* Assets.xcassets in Resources */,
				C93F5F5D29137B0500B74065 /* Main.storyboard in Resources */,
			);
			runOnlyForDeploymentPostprocessing = 0;
		};
		C93F5F6629137B0800B74065 /* Resources */ = {
			isa = PBXResourcesBuildPhase;
			buildActionMask = 2147483647;
			files = (
			);
			runOnlyForDeploymentPostprocessing = 0;
		};
		C93F5F7029137B0800B74065 /* Resources */ = {
			isa = PBXResourcesBuildPhase;
			buildActionMask = 2147483647;
			files = (
			);
			runOnlyForDeploymentPostprocessing = 0;
		};
/* End PBXResourcesBuildPhase section */

/* Begin PBXSourcesBuildPhase section */
		C93F5F4E29137B0500B74065 /* Sources */ = {
			isa = PBXSourcesBuildPhase;
			buildActionMask = 2147483647;
			files = (
				C93F5F5A29137B0500B74065 /* ViewController.swift in Sources */,
				C93F5F5629137B0500B74065 /* AppDelegate.swift in Sources */,
				C93F5F5829137B0500B74065 /* SceneDelegate.swift in Sources */,
			);
			runOnlyForDeploymentPostprocessing = 0;
		};
		C93F5F6429137B0800B74065 /* Sources */ = {
			isa = PBXSourcesBuildPhase;
			buildActionMask = 2147483647;
			files = (
				C93F5F6D29137B0800B74065 /* BVCAutoserviceTests.swift in Sources */,
			);
			runOnlyForDeploymentPostprocessing = 0;
		};
		C93F5F6E29137B0800B74065 /* Sources */ = {
			isa = PBXSourcesBuildPhase;
			buildActionMask = 2147483647;
			files = (
				C93F5F7729137B0800B74065 /* BVCAutoserviceUITests.swift in Sources */,
				C93F5F7929137B0800B74065 /* BVCAutoserviceUITestsLaunchTests.swift in Sources */,
			);
			runOnlyForDeploymentPostprocessing = 0;
		};
/* End PBXSourcesBuildPhase section */

/* Begin PBXTargetDependency section */
		C93F5F6A29137B0800B74065 /* PBXTargetDependency */ = {
			isa = PBXTargetDependency;
			target = C93F5F5129137B0500B74065 /* BVCAutoservice */;
			targetProxy = C93F5F6929137B0800B74065 /* PBXContainerItemProxy */;
		};
		C93F5F7429137B0800B74065 /* PBXTargetDependency */ = {
			isa = PBXTargetDependency;
			target = C93F5F5129137B0500B74065 /* BVCAutoservice */;
			targetProxy = C93F5F7329137B0800B74065 /* PBXContainerItemProxy */;
		};
/* End PBXTargetDependency section */

/* Begin PBXVariantGroup section */
		C93F5F5B29137B0500B74065 /* Main.storyboard */ = {
			isa = PBXVariantGroup;
			children = (
				C93F5F5C29137B0500B74065 /* Base */,
			);
			name = Main.storyboard;
			sourceTree = "<group>";
		};
		C93F5F6029137B0800B74065 /* LaunchScreen.storyboard */ = {
			isa = PBXVariantGroup;
			children = (
				C93F5F6129137B0800B74065 /* Base */,
			);
			name = LaunchScreen.storyboard;
			sourceTree = "<group>";
		};
/* End PBXVariantGroup section */

/* Begin XCBuildConfiguration section */
		C93F5F7A29137B0800B74065 /* Debug */ = {
			isa = XCBuildConfiguration;
			buildSettings = {
				ALWAYS_SEARCH_USER_PATHS = NO;
				CLANG_ANALYZER_NONNULL = YES;
				CLANG_ANALYZER_NUMBER_OBJECT_CONVERSION = YES_AGGRESSIVE;
				CLANG_CXX_LANGUAGE_STANDARD = "gnu++20";
				CLANG_ENABLE_MODULES = YES;
				CLANG_ENABLE_OBJC_ARC = YES;
				CLANG_ENABLE_OBJC_WEAK = YES;
				CLANG_WARN_BLOCK_CAPTURE_AUTORELEASING = YES;
				CLANG_WARN_BOOL_CONVERSION = YES;
				CLANG_WARN_COMMA = YES;
				CLANG_WARN_CONSTANT_CONVERSION = YES;
				CLANG_WARN_DEPRECATED_OBJC_IMPLEMENTATIONS = YES;
				CLANG_WARN_DIRECT_OBJC_ISA_USAGE = YES_ERROR;
				CLANG_WARN_DOCUMENTATION_COMMENTS = YES;
				CLANG_WARN_EMPTY_BODY = YES;
				CLANG_WARN_ENUM_CONVERSION = YES;
				CLANG_WARN_INFINITE_RECURSION = YES;
				CLANG_WARN_INT_CONVERSION = YES;
				CLANG_WARN_NON_LITERAL_NULL_CONVERSION = YES;
				CLANG_WARN_OBJC_IMPLICIT_RETAIN_SELF = YES;
				CLANG_WARN_OBJC_LITERAL_CONVERSION = YES;
				CLANG_WARN_OBJC_ROOT_CLASS = YES_ERROR;
				CLANG_WARN_QUOTED_INCLUDE_IN_FRAMEWORK_HEADER = YES;
				CLANG_WARN_RANGE_LOOP_ANALYSIS = YES;
				CLANG_WARN_STRICT_PROTOTYPES = YES;
				CLANG_WARN_SUSPICIOUS_MOVE = YES;
				CLANG_WARN_UNGUARDED_AVAILABILITY = YES_AGGRESSIVE;
				CLANG_WARN_UNREACHABLE_CODE = YES;
				CLANG_WARN__DUPLICATE_METHOD_MATCH = YES;
				COPY_PHASE_STRIP = NO;
				DEBUG_INFORMATION_FORMAT = dwarf;
				ENABLE_STRICT_OBJC_MSGSEND = YES;
				ENABLE_TESTABILITY = YES;
				GCC_C_LANGUAGE_STANDARD = gnu11;
				GCC_DYNAMIC_NO_PIC = NO;
				GCC_NO_COMMON_BLOCKS = YES;
				GCC_OPTIMIZATION_LEVEL = 0;
				GCC_PREPROCESSOR_DEFINITIONS = (
					"DEBUG=1",
					"$(inherited)",
				);
				GCC_WARN_64_TO_32_BIT_CONVERSION = YES;
				GCC_WARN_ABOUT_RETURN_TYPE = YES_ERROR;
				GCC_WARN_UNDECLARED_SELECTOR = YES;
				GCC_WARN_UNINITIALIZED_AUTOS = YES_AGGRESSIVE;
				GCC_WARN_UNUSED_FUNCTION = YES;
				GCC_WARN_UNUSED_VARIABLE = YES;
				IPHONEOS_DEPLOYMENT_TARGET = 16.0;
				MTL_ENABLE_DEBUG_INFO = INCLUDE_SOURCE;
				MTL_FAST_MATH = YES;
				ONLY_ACTIVE_ARCH = YES;
				SDKROOT = iphoneos;
				SWIFT_ACTIVE_COMPILATION_CONDITIONS = DEBUG;
				SWIFT_OPTIMIZATION_LEVEL = "-Onone";
			};
			name = Debug;
		};
		C93F5F7B29137B0800B74065 /* Release */ = {
			isa = XCBuildConfiguration;
			buildSettings = {
				ALWAYS_SEARCH_USER_PATHS = NO;
				CLANG_ANALYZER_NONNULL = YES;
				CLANG_ANALYZER_NUMBER_OBJECT_CONVERSION = YES_AGGRESSIVE;
				CLANG_CXX_LANGUAGE_STANDARD = "gnu++20";
				CLANG_ENABLE_MODULES = YES;
				CLANG_ENABLE_OBJC_ARC = YES;
				CLANG_ENABLE_OBJC_WEAK = YES;
				CLANG_WARN_BLOCK_CAPTURE_AUTORELEASING = YES;
				CLANG_WARN_BOOL_CONVERSION = YES;
				CLANG_WARN_COMMA = YES;
				CLANG_WARN_CONSTANT_CONVERSION = YES;
				CLANG_WARN_DEPRECATED_OBJC_IMPLEMENTATIONS = YES;
				CLANG_WARN_DIRECT_OBJC_ISA_USAGE = YES_ERROR;
				CLANG_WARN_DOCUMENTATION_COMMENTS = YES;
				CLANG_WARN_EMPTY_BODY = YES;
				CLANG_WARN_ENUM_CONVERSION = YES;
				CLANG_WARN_INFINITE_RECURSION = YES;
				CLANG_WARN_INT_CONVERSION = YES;
				CLANG_WARN_NON_LITERAL_NULL_CONVERSION = YES;
				CLANG_WARN_OBJC_IMPLICIT_RETAIN_SELF = YES;
				CLANG_WARN_OBJC_LITERAL_CONVERSION = YES;
				CLANG_WARN_OBJC_ROOT_CLASS = YES_ERROR;
				CLANG_WARN_QUOTED_INCLUDE_IN_FRAMEWORK_HEADER = YES;
				CLANG_WARN_RANGE_LOOP_ANALYSIS = YES;
				CLANG_WARN_STRICT_PROTOTYPES = YES;
				CLANG_WARN_SUSPICIOUS_MOVE = YES;
				CLANG_WARN_UNGUARDED_AVAILABILITY = YES_AGGRESSIVE;
				CLANG_WARN_UNREACHABLE_CODE = YES;
				CLANG_WARN__DUPLICATE_METHOD_MATCH = YES;
				COPY_PHASE_STRIP = NO;
				DEBUG_INFORMATION_FORMAT = "dwarf-with-dsym";
				ENABLE_NS_ASSERTIONS = NO;
				ENABLE_STRICT_OBJC_MSGSEND = YES;
				GCC_C_LANGUAGE_STANDARD = gnu11;
				GCC_NO_COMMON_BLOCKS = YES;
				GCC_WARN_64_TO_32_BIT_CONVERSION = YES;
				GCC_WARN_ABOUT_RETURN_TYPE = YES_ERROR;
				GCC_WARN_UNDECLARED_SELECTOR = YES;
				GCC_WARN_UNINITIALIZED_AUTOS = YES_AGGRESSIVE;
				GCC_WARN_UNUSED_FUNCTION = YES;
				GCC_WARN_UNUSED_VARIABLE = YES;
				IPHONEOS_DEPLOYMENT_TARGET = 16.0;
				MTL_ENABLE_DEBUG_INFO = NO;
				MTL_FAST_MATH = YES;
				SDKROOT = iphoneos;
				SWIFT_COMPILATION_MODE = wholemodule;
				SWIFT_OPTIMIZATION_LEVEL = "-O";
				VALIDATE_PRODUCT = YES;
			};
			name = Release;
		};
		C93F5F7D29137B0800B74065 /* Debug */ = {
			isa = XCBuildConfiguration;
			buildSettings = {
				ASSETCATALOG_COMPILER_APPICON_NAME = AppIcon;
				ASSETCATALOG_COMPILER_GLOBAL_ACCENT_COLOR_NAME = AccentColor;
				CODE_SIGN_STYLE = Automatic;
				CURRENT_PROJECT_VERSION = 1;
				DEVELOPMENT_TEAM = 733T3VK6AH;
				GENERATE_INFOPLIST_FILE = YES;
				INFOPLIST_FILE = BVCAutoservice/Info.plist;
				INFOPLIST_KEY_UIApplicationSupportsIndirectInputEvents = YES;
				INFOPLIST_KEY_UILaunchStoryboardName = LaunchScreen;
				INFOPLIST_KEY_UIMainStoryboardFile = Main;
				INFOPLIST_KEY_UISupportedInterfaceOrientations = UIInterfaceOrientationPortrait;
				IPHONEOS_DEPLOYMENT_TARGET = 13.0;
				LD_RUNPATH_SEARCH_PATHS = (
					"$(inherited)",
					"@executable_path/Frameworks",
				);
				MARKETING_VERSION = 1.0;
				PRODUCT_BUNDLE_IDENTIFIER = postnikovpetr.BVCAutoservice;
				PRODUCT_NAME = "$(TARGET_NAME)";
				SWIFT_EMIT_LOC_STRINGS = YES;
				SWIFT_VERSION = 5.0;
				TARGETED_DEVICE_FAMILY = "1,2";
			};
			name = Debug;
		};
		C93F5F7E29137B0800B74065 /* Release */ = {
			isa = XCBuildConfiguration;
			buildSettings = {
				ASSETCATALOG_COMPILER_APPICON_NAME = AppIcon;
				ASSETCATALOG_COMPILER_GLOBAL_ACCENT_COLOR_NAME = AccentColor;
				CODE_SIGN_STYLE = Automatic;
				CURRENT_PROJECT_VERSION = 1;
				DEVELOPMENT_TEAM = 733T3VK6AH;
				GENERATE_INFOPLIST_FILE = YES;
				INFOPLIST_FILE = BVCAutoservice/Info.plist;
				INFOPLIST_KEY_UIApplicationSupportsIndirectInputEvents = YES;
				INFOPLIST_KEY_UILaunchStoryboardName = LaunchScreen;
				INFOPLIST_KEY_UIMainStoryboardFile = Main;
				INFOPLIST_KEY_UISupportedInterfaceOrientations = UIInterfaceOrientationPortrait;
				IPHONEOS_DEPLOYMENT_TARGET = 13.0;
				LD_RUNPATH_SEARCH_PATHS = (
					"$(inherited)",
					"@executable_path/Frameworks",
				);
				MARKETING_VERSION = 1.0;
				PRODUCT_BUNDLE_IDENTIFIER = postnikovpetr.BVCAutoservice;
				PRODUCT_NAME = "$(TARGET_NAME)";
				SWIFT_EMIT_LOC_STRINGS = YES;
				SWIFT_VERSION = 5.0;
				TARGETED_DEVICE_FAMILY = "1,2";
			};
			name = Release;
		};
		C93F5F8029137B0800B74065 /* Debug */ = {
			isa = XCBuildConfiguration;
			buildSettings = {
				ALWAYS_EMBED_SWIFT_STANDARD_LIBRARIES = YES;
				BUNDLE_LOADER = "$(TEST_HOST)";
				CODE_SIGN_STYLE = Automatic;
				CURRENT_PROJECT_VERSION = 1;
				DEVELOPMENT_TEAM = 733T3VK6AH;
				GENERATE_INFOPLIST_FILE = YES;
				IPHONEOS_DEPLOYMENT_TARGET = 16.0;
				MARKETING_VERSION = 1.0;
				PRODUCT_BUNDLE_IDENTIFIER = postnikovpetr.BVCAutoserviceTests;
				PRODUCT_NAME = "$(TARGET_NAME)";
				SWIFT_EMIT_LOC_STRINGS = NO;
				SWIFT_VERSION = 5.0;
				TARGETED_DEVICE_FAMILY = "1,2";
				TEST_HOST = "$(BUILT_PRODUCTS_DIR)/BVCAutoservice.app/$(BUNDLE_EXECUTABLE_FOLDER_PATH)/BVCAutoservice";
			};
			name = Debug;
		};
		C93F5F8129137B0800B74065 /* Release */ = {
			isa = XCBuildConfiguration;
			buildSettings = {
				ALWAYS_EMBED_SWIFT_STANDARD_LIBRARIES = YES;
				BUNDLE_LOADER = "$(TEST_HOST)";
				CODE_SIGN_STYLE = Automatic;
				CURRENT_PROJECT_VERSION = 1;
				DEVELOPMENT_TEAM = 733T3VK6AH;
				GENERATE_INFOPLIST_FILE = YES;
				IPHONEOS_DEPLOYMENT_TARGET = 16.0;
				MARKETING_VERSION = 1.0;
				PRODUCT_BUNDLE_IDENTIFIER = postnikovpetr.BVCAutoserviceTests;
				PRODUCT_NAME = "$(TARGET_NAME)";
				SWIFT_EMIT_LOC_STRINGS = NO;
				SWIFT_VERSION = 5.0;
				TARGETED_DEVICE_FAMILY = "1,2";
				TEST_HOST = "$(BUILT_PRODUCTS_DIR)/BVCAutoservice.app/$(BUNDLE_EXECUTABLE_FOLDER_PATH)/BVCAutoservice";
			};
			name = Release;
		};
		C93F5F8329137B0800B74065 /* Debug */ = {
			isa = XCBuildConfiguration;
			buildSettings = {
				ALWAYS_EMBED_SWIFT_STANDARD_LIBRARIES = YES;
				CODE_SIGN_STYLE = Automatic;
				CURRENT_PROJECT_VERSION = 1;
				DEVELOPMENT_TEAM = 733T3VK6AH;
				GENERATE_INFOPLIST_FILE = YES;
				MARKETING_VERSION = 1.0;
				PRODUCT_BUNDLE_IDENTIFIER = postnikovpetr.BVCAutoserviceUITests;
				PRODUCT_NAME = "$(TARGET_NAME)";
				SWIFT_EMIT_LOC_STRINGS = NO;
				SWIFT_VERSION = 5.0;
				TARGETED_DEVICE_FAMILY = "1,2";
				TEST_TARGET_NAME = BVCAutoservice;
			};
			name = Debug;
		};
		C93F5F8429137B0800B74065 /* Release */ = {
			isa = XCBuildConfiguration;
			buildSettings = {
				ALWAYS_EMBED_SWIFT_STANDARD_LIBRARIES = YES;
				CODE_SIGN_STYLE = Automatic;
				CURRENT_PROJECT_VERSION = 1;
				DEVELOPMENT_TEAM = 733T3VK6AH;
				GENERATE_INFOPLIST_FILE = YES;
				MARKETING_VERSION = 1.0;
				PRODUCT_BUNDLE_IDENTIFIER = postnikovpetr.BVCAutoserviceUITests;
				PRODUCT_NAME = "$(TARGET_NAME)";
				SWIFT_EMIT_LOC_STRINGS = NO;
				SWIFT_VERSION = 5.0;
				TARGETED_DEVICE_FAMILY = "1,2";
				TEST_TARGET_NAME = BVCAutoservice;
			};
			name = Release;
		};
/* End XCBuildConfiguration section */

/* Begin XCConfigurationList section */
		C93F5F4D29137B0500B74065 /* Build configuration list for PBXProject "BVCAutoservice" */ = {
			isa = XCConfigurationList;
			buildConfigurations = (
				C93F5F7A29137B0800B74065 /* Debug */,
				C93F5F7B29137B0800B74065 /* Release */,
			);
			defaultConfigurationIsVisible = 0;
			defaultConfigurationName = Release;
		};
		C93F5F7C29137B0800B74065 /* Build configuration list for PBXNativeTarget "BVCAutoservice" */ = {
			isa = XCConfigurationList;
			buildConfigurations = (
				C93F5F7D29137B0800B74065 /* Debug */,
				C93F5F7E29137B0800B74065 /* Release */,
			);
			defaultConfigurationIsVisible = 0;
			defaultConfigurationName = Release;
		};
		C93F5F7F29137B0800B74065 /* Build configuration list for PBXNativeTarget "BVCAutoserviceTests" */ = {
			isa = XCConfigurationList;
			buildConfigurations = (
				C93F5F8029137B0800B74065 /* Debug */,
				C93F5F8129137B0800B74065 /* Release */,
			);
			defaultConfigurationIsVisible = 0;
			defaultConfigurationName = Release;
		};
		C93F5F8229137B0800B74065 /* Build configuration list for PBXNativeTarget "BVCAutoserviceUITests" */ = {
			isa = XCConfigurationList;
			buildConfigurations = (
				C93F5F8329137B0800B74065 /* Debug */,
				C93F5F8429137B0800B74065 /* Release */,
			);
			defaultConfigurationIsVisible = 0;
			defaultConfigurationName = Release;
		};
/* End XCConfigurationList section */
	};
	rootObject = C93F5F4A29137B0500B74065 /* Project object */;
}
